
Microsoft Visual Studio Solution File, Format Version 12.00
# Visual Studio Version 17
VisualStudioVersion = 17.7.34221.43
MinimumVisualStudioVersion = 10.0.40219.1
Project("{2150E333-8FDC-42A3-9474-1A3956D46DE8}") = "RealEstate-Application", "RealEstate-Application", "{3FE7501D-0347-4C95-9CC9-8737A9C11C0E}"
EndProject
Project("{2150E333-8FDC-42A3-9474-1A3956D46DE8}") = "RealEstate-DataLayer", "RealEstate-DataLayer", "{BCF5FEE4-B297-42D6-89E3-A157B8309B67}"
EndProject
Project("{2150E333-8FDC-42A3-9474-1A3956D46DE8}") = "RealEstate-Domain", "RealEstate-Domain", "{7B09429A-D2CE-4D38-B6D8-2D2AF904257F}"
EndProject
Project("{2150E333-8FDC-42A3-9474-1A3956D46DE8}") = "RealEstate-IoC", "RealEstate-IoC", "{BD36AC69-2B21-43C0-9FD2-3933996AA585}"
EndProject
Project("{2150E333-8FDC-42A3-9474-1A3956D46DE8}") = "RealEstate-Web", "RealEstate-Web", "{982B39A6-8B42-4985-99D3-3B1AF1AFAB96}"
EndProject
Project("{9A19103F-16F7-4668-BE54-9A1E7A4F7556}") = "RealEstate-Application", "RealEstate-Application\RealEstate-Application.csproj", "{D53EBD7C-5865-475D-9F43-060339F38209}"
EndProject
Project("{9A19103F-16F7-4668-BE54-9A1E7A4F7556}") = "RealEstate-DataLayer", "RealEstate-DataLayer\RealEstate-DataLayer.csproj", "{84807B15-E580-4E82-BFE1-113D011A34C0}"
EndProject
Project("{9A19103F-16F7-4668-BE54-9A1E7A4F7556}") = "RealEstate-Domain", "RealEstate-Domain\RealEstate-Domain.csproj", "{4DE810AB-CD12-4985-8761-0729C99B7F11}"
EndProject
Project("{9A19103F-16F7-4668-BE54-9A1E7A4F7556}") = "RealEstate-IoC", "RealEstate-IoC\RealEstate-IoC.csproj", "{A882B151-6778-4086-96E2-C4C504480D1C}"
EndProject
Project("{9A19103F-16F7-4668-BE54-9A1E7A4F7556}") = "RealEstate-Web", "RealEstate-Web\RealEstate-Web.csproj", "{1CB84ACD-42AD-430C-A78E-DB58B974AB18}"
EndProject
Global
	GlobalSection(SolutionConfigurationPlatforms) = preSolution
		Debug|Any CPU = Debug|Any CPU
		Release|Any CPU = Release|Any CPU
	EndGlobalSection
	GlobalSection(ProjectConfigurationPlatforms) = postSolution
		{D53EBD7C-5865-475D-9F43-060339F38209}.Debug|Any CPU.ActiveCfg = Debug|Any CPU
		{D53EBD7C-5865-475D-9F43-060339F38209}.Debug|Any CPU.Build.0 = Debug|Any CPU
		{D53EBD7C-5865-475D-9F43-060339F38209}.Release|Any CPU.ActiveCfg = Release|Any CPU
		{D53EBD7C-5865-475D-9F43-060339F38209}.Release|Any CPU.Build.0 = Release|Any CPU
		{84807B15-E580-4E82-BFE1-113D011A34C0}.Debug|Any CPU.ActiveCfg = Debug|Any CPU
		{84807B15-E580-4E82-BFE1-113D011A34C0}.Debug|Any CPU.Build.0 = Debug|Any CPU
		{84807B15-E580-4E82-BFE1-113D011A34C0}.Release|Any CPU.ActiveCfg = Release|Any CPU
		{84807B15-E580-4E82-BFE1-113D011A34C0}.Release|Any CPU.Build.0 = Release|Any CPU
		{4DE810AB-CD12-4985-8761-0729C99B7F11}.Debug|Any CPU.ActiveCfg = Debug|Any CPU
		{4DE810AB-CD12-4985-8761-0729C99B7F11}.Debug|Any CPU.Build.0 = Debug|Any CPU
		{4DE810AB-CD12-4985-8761-0729C99B7F11}.Release|Any CPU.ActiveCfg = Release|Any CPU
		{4DE810AB-CD12-4985-8761-0729C99B7F11}.Release|Any CPU.Build.0 = Release|Any CPU
		{A882B151-6778-4086-96E2-C4C504480D1C}.Debug|Any CPU.ActiveCfg = Debug|Any CPU
		{A882B151-6778-4086-96E2-C4C504480D1C}.Debug|Any CPU.Build.0 = Debug|Any CPU
		{A882B151-6778-4086-96E2-C4C504480D1C}.Release|Any CPU.ActiveCfg = Release|Any CPU
		{A882B151-6778-4086-96E2-C4C504480D1C}.Release|Any CPU.Build.0 = Release|Any CPU
		{1CB84ACD-42AD-430C-A78E-DB58B974AB18}.Debug|Any CPU.ActiveCfg = Debug|Any CPU
		{1CB84ACD-42AD-430C-A78E-DB58B974AB18}.Debug|Any CPU.Build.0 = Debug|Any CPU
		{1CB84ACD-42AD-430C-A78E-DB58B974AB18}.Release|Any CPU.ActiveCfg = Release|Any CPU
		{1CB84ACD-42AD-430C-A78E-DB58B974AB18}.Release|Any CPU.Build.0 = Release|Any CPU
	EndGlobalSection
	GlobalSection(SolutionProperties) = preSolution
		HideSolutionNode = FALSE
	EndGlobalSection
	GlobalSection(NestedProjects) = preSolution
		{D53EBD7C-5865-475D-9F43-060339F38209} = {3FE7501D-0347-4C95-9CC9-8737A9C11C0E}
		{84807B15-E580-4E82-BFE1-113D011A34C0} = {BCF5FEE4-B297-42D6-89E3-A157B8309B67}
		{4DE810AB-CD12-4985-8761-0729C99B7F11} = {7B09429A-D2CE-4D38-B6D8-2D2AF904257F}
		{A882B151-6778-4086-96E2-C4C504480D1C} = {BD36AC69-2B21-43C0-9FD2-3933996AA585}
		{1CB84ACD-42AD-430C-A78E-DB58B974AB18} = {982B39A6-8B42-4985-99D3-3B1AF1AFAB96}
	EndGlobalSection
	GlobalSection(ExtensibilityGlobals) = postSolution
		SolutionGuid = {03E539D4-BF8C-4295-91FF-3FC9491DBA6C}
	EndGlobalSection
EndGlobal
